// !$*UTF8*$!
{
	archiveVersion = 1;
	classes = {
	};
	objectVersion = 46;
	objects = {

/* Begin PBXAggregateTarget section */
		48DE0BA61F5D4E6083ACE645 /* ALL_BUILD */ = {
			isa = PBXAggregateTarget;
			buildConfigurationList = AF848E08970D4ABDA6EBC08B /* Build configuration list for PBXAggregateTarget "ALL_BUILD" */;
			buildPhases = (
				2CFAD94BDA444CCB8AA37F75 /* CMake Rules */,
			);
			dependencies = (
				1F40735A2FAB4F7B86C518BD /* PBXTargetDependency */,
				9BFF5B1A6B4340659FC22DF7 /* PBXTargetDependency */,
			);
			name = ALL_BUILD;
			productName = ALL_BUILD;
		};
		AF684D8C03744D43B71EFBB0 /* ZERO_CHECK */ = {
			isa = PBXAggregateTarget;
			buildConfigurationList = 1F226C8F0BC947E2A5494802 /* Build configuration list for PBXAggregateTarget "ZERO_CHECK" */;
			buildPhases = (
				3F421920215641018B51DCF5 /* CMake Rules */,
			);
			dependencies = (
			);
			name = ZERO_CHECK;
			productName = ZERO_CHECK;
		};
/* End PBXAggregateTarget section */

/* Begin PBXBuildFile section */
		CFD4BF77965749D1AB66C824 /* particle_filter.cpp in Sources */ = {isa = PBXBuildFile; fileRef = 406F0DF3EC1B40C383218A0C /* particle_filter.cpp */; };
		FBC56AE3851B4B3DB5979226 /* main.cpp in Sources */ = {isa = PBXBuildFile; fileRef = 3E8A5073C7F0495386B33501 /* main.cpp */; };
/* End PBXBuildFile section */

/* Begin PBXContainerItemProxy section */
		57440592552F4D738647763E /* PBXContainerItemProxy */ = {
			isa = PBXContainerItemProxy;
			containerPortal = 74FD2B03ED0549AB992FD508 /* Project object */;
			proxyType = 1;
			remoteGlobalIDString = AF684D8C03744D43B71EFBB0;
			remoteInfo = ZERO_CHECK;
		};
		A39425BCF30147CC9B6E7DE6 /* PBXContainerItemProxy */ = {
			isa = PBXContainerItemProxy;
			containerPortal = 74FD2B03ED0549AB992FD508 /* Project object */;
			proxyType = 1;
			remoteGlobalIDString = AF684D8C03744D43B71EFBB0;
			remoteInfo = ZERO_CHECK;
		};
		B56FC060E14F4CFAAF5C52C3 /* PBXContainerItemProxy */ = {
			isa = PBXContainerItemProxy;
			containerPortal = 74FD2B03ED0549AB992FD508 /* Project object */;
			proxyType = 1;
			remoteGlobalIDString = 99F08D96FBE74BC5AEED82D1;
			remoteInfo = particle_filter;
		};
/* End PBXContainerItemProxy section */

/* Begin PBXFileReference section */
		3BB112C61F6F70B6008582EF /* helper_functions.h */ = {isa = PBXFileReference; fileEncoding = 4; lastKnownFileType = sourcecode.c.h; name = helper_functions.h; path = src/helper_functions.h; sourceTree = "<group>"; };
		3BB112C71F6F70B6008582EF /* json.hpp */ = {isa = PBXFileReference; fileEncoding = 4; lastKnownFileType = sourcecode.cpp.h; name = json.hpp; path = src/json.hpp; sourceTree = "<group>"; };
		3BB112C81F6F70B6008582EF /* map.h */ = {isa = PBXFileReference; fileEncoding = 4; lastKnownFileType = sourcecode.c.h; name = map.h; path = src/map.h; sourceTree = "<group>"; };
		3BB112C91F6F70B6008582EF /* particle_filter.h */ = {isa = PBXFileReference; fileEncoding = 4; lastKnownFileType = sourcecode.c.h; name = particle_filter.h; path = src/particle_filter.h; sourceTree = "<group>"; };
		3E8A5073C7F0495386B33501 /* main.cpp */ = {isa = PBXFileReference; explicitFileType = sourcecode.cpp.cpp; fileEncoding = 4; name = main.cpp; path = src/main.cpp; sourceTree = SOURCE_ROOT; };
		406F0DF3EC1B40C383218A0C /* particle_filter.cpp */ = {isa = PBXFileReference; explicitFileType = sourcecode.cpp.cpp; fileEncoding = 4; name = particle_filter.cpp; path = src/particle_filter.cpp; sourceTree = SOURCE_ROOT; };
		4B8A26A83AC54F7F84A86B0E /* CMakeLists.txt */ = {isa = PBXFileReference; explicitFileType = sourcecode.text; fileEncoding = 4; lastKnownFileType = text; path = CMakeLists.txt; sourceTree = SOURCE_ROOT; };
		7FDF98F595804DEBB1F4C173 /* particle_filter */ = {isa = PBXFileReference; explicitFileType = "compiled.mach-o.executable"; path = particle_filter; sourceTree = BUILT_PRODUCTS_DIR; };
		B0B1297BD5DB44669AF4A795 /* CMakeLists.txt */ = {isa = PBXFileReference; explicitFileType = sourcecode.text; fileEncoding = 4; lastKnownFileType = text; path = CMakeLists.txt; sourceTree = SOURCE_ROOT; };
		D793D813BD2F49768F2A9141 /* CMakeLists.txt */ = {isa = PBXFileReference; explicitFileType = sourcecode.text; fileEncoding = 4; lastKnownFileType = text; path = CMakeLists.txt; sourceTree = SOURCE_ROOT; };
/* End PBXFileReference section */

/* Begin PBXGroup section */
		10B28C81E7F34D4C9E7FBBAA /* CMake Rules */ = {
			isa = PBXGroup;
			children = (
			);
			name = "CMake Rules";
			sourceTree = "<group>";
		};
		23648F6D0EA64C2DA53E5D3E /* ALL_BUILD */ = {
			isa = PBXGroup;
			children = (
				10B28C81E7F34D4C9E7FBBAA /* CMake Rules */,
				B0B1297BD5DB44669AF4A795 /* CMakeLists.txt */,
			);
			name = ALL_BUILD;
			sourceTree = "<group>";
		};
		4DE6A820D0EF4E29B6F0A02B /* CMake Rules */ = {
			isa = PBXGroup;
			children = (
			);
			name = "CMake Rules";
			sourceTree = "<group>";
		};
		9BCFEE64AF3A44B69CF8E2B5 /* particle_filter */ = {
			isa = PBXGroup;
			children = (
				F081640D53A540328B784D65 /* Source Files */,
				4B8A26A83AC54F7F84A86B0E /* CMakeLists.txt */,
			);
			name = particle_filter;
			sourceTree = "<group>";
		};
		D6EF6659ABDE48899CE94621 /* Products */ = {
			isa = PBXGroup;
			children = (
				7FDF98F595804DEBB1F4C173 /* particle_filter */,
			);
			name = Products;
			sourceTree = "<group>";
		};
		ED314A63B8DD484399D2C37D /* ZERO_CHECK */ = {
			isa = PBXGroup;
			children = (
				4DE6A820D0EF4E29B6F0A02B /* CMake Rules */,
				D793D813BD2F49768F2A9141 /* CMakeLists.txt */,
			);
			name = ZERO_CHECK;
			sourceTree = "<group>";
		};
		F081640D53A540328B784D65 /* Source Files */ = {
			isa = PBXGroup;
			children = (
				3E8A5073C7F0495386B33501 /* main.cpp */,
				406F0DF3EC1B40C383218A0C /* particle_filter.cpp */,
				3BB112C61F6F70B6008582EF /* helper_functions.h */,
				3BB112C71F6F70B6008582EF /* json.hpp */,
				3BB112C81F6F70B6008582EF /* map.h */,
				3BB112C91F6F70B6008582EF /* particle_filter.h */,
			);
			name = "Source Files";
			sourceTree = "<group>";
		};
		F7701385322B4B708279AD48 = {
			isa = PBXGroup;
			children = (
				9BCFEE64AF3A44B69CF8E2B5 /* particle_filter */,
				23648F6D0EA64C2DA53E5D3E /* ALL_BUILD */,
				ED314A63B8DD484399D2C37D /* ZERO_CHECK */,
				D6EF6659ABDE48899CE94621 /* Products */,
			);
			sourceTree = "<group>";
		};
/* End PBXGroup section */

/* Begin PBXNativeTarget section */
		99F08D96FBE74BC5AEED82D1 /* particle_filter */ = {
			isa = PBXNativeTarget;
			buildConfigurationList = 30FFFC5803BC44368FED72EA /* Build configuration list for PBXNativeTarget "particle_filter" */;
			buildPhases = (
				CDC34153183D4780AD2C5188 /* Sources */,
			);
			buildRules = (
			);
			dependencies = (
				AAD4DE68711D417487077757 /* PBXTargetDependency */,
			);
			name = particle_filter;
			productName = particle_filter;
			productReference = 7FDF98F595804DEBB1F4C173 /* particle_filter */;
			productType = "com.apple.product-type.tool";
		};
/* End PBXNativeTarget section */

/* Begin PBXProject section */
		74FD2B03ED0549AB992FD508 /* Project object */ = {
			isa = PBXProject;
			attributes = {
				BuildIndependentTargetsInParallel = YES;
				LastUpgradeCheck = 0830;
			};
			buildConfigurationList = 42A9D8F7CFB94613AF003E91 /* Build configuration list for PBXProject "PARTICLE_FILTER" */;
			compatibilityVersion = "Xcode 3.2";
			developmentRegion = English;
			hasScannedForEncodings = 0;
			knownRegions = (
				en,
			);
			mainGroup = F7701385322B4B708279AD48;
			projectDirPath = ../;
			projectRoot = "";
			targets = (
				48DE0BA61F5D4E6083ACE645 /* ALL_BUILD */,
				AF684D8C03744D43B71EFBB0 /* ZERO_CHECK */,
				99F08D96FBE74BC5AEED82D1 /* particle_filter */,
			);
		};
/* End PBXProject section */

/* Begin PBXShellScriptBuildPhase section */
		2CFAD94BDA444CCB8AA37F75 /* CMake Rules */ = {
			isa = PBXShellScriptBuildPhase;
			buildActionMask = 2147483647;
			files = (
			);
			name = "CMake Rules";
			outputPaths = (
				"/Users/andydun2004/Documents/Files/OnlineClasses/SelfDrivingEngr/Localization/CarND-Kidnapped-Vehicle-Project/xcode/CMakeFiles/ALL_BUILD",
			);
			runOnlyForDeploymentPostprocessing = 0;
			shellPath = /bin/sh;
			shellScript = "make -C /Users/andydun2004/Documents/Files/OnlineClasses/SelfDrivingEngr/Localization/CarND-Kidnapped-Vehicle-Project/xcode -f /Users/andydun2004/Documents/Files/OnlineClasses/SelfDrivingEngr/Localization/CarND-Kidnapped-Vehicle-Project/xcode/CMakeScripts/ALL_BUILD_cmakeRulesBuildPhase.make$CONFIGURATION all";
			showEnvVarsInLog = 0;
		};
		3F421920215641018B51DCF5 /* CMake Rules */ = {
			isa = PBXShellScriptBuildPhase;
			buildActionMask = 2147483647;
			files = (
			);
			name = "CMake Rules";
			outputPaths = (
				"/Users/andydun2004/Documents/Files/OnlineClasses/SelfDrivingEngr/Localization/CarND-Kidnapped-Vehicle-Project/xcode/CMakeFiles/ZERO_CHECK",
			);
			runOnlyForDeploymentPostprocessing = 0;
			shellPath = /bin/sh;
			shellScript = "make -C /Users/andydun2004/Documents/Files/OnlineClasses/SelfDrivingEngr/Localization/CarND-Kidnapped-Vehicle-Project/xcode -f /Users/andydun2004/Documents/Files/OnlineClasses/SelfDrivingEngr/Localization/CarND-Kidnapped-Vehicle-Project/xcode/CMakeScripts/ZERO_CHECK_cmakeRulesBuildPhase.make$CONFIGURATION all";
			showEnvVarsInLog = 0;
		};
/* End PBXShellScriptBuildPhase section */

/* Begin PBXSourcesBuildPhase section */
		CDC34153183D4780AD2C5188 /* Sources */ = {
			isa = PBXSourcesBuildPhase;
			buildActionMask = 2147483647;
			files = (
				FBC56AE3851B4B3DB5979226 /* main.cpp in Sources */,
				CFD4BF77965749D1AB66C824 /* particle_filter.cpp in Sources */,
			);
			runOnlyForDeploymentPostprocessing = 0;
		};
/* End PBXSourcesBuildPhase section */

/* Begin PBXTargetDependency section */
		1F40735A2FAB4F7B86C518BD /* PBXTargetDependency */ = {
			isa = PBXTargetDependency;
			target = AF684D8C03744D43B71EFBB0 /* ZERO_CHECK */;
			targetProxy = 57440592552F4D738647763E /* PBXContainerItemProxy */;
		};
		9BFF5B1A6B4340659FC22DF7 /* PBXTargetDependency */ = {
			isa = PBXTargetDependency;
			target = 99F08D96FBE74BC5AEED82D1 /* particle_filter */;
			targetProxy = B56FC060E14F4CFAAF5C52C3 /* PBXContainerItemProxy */;
		};
		AAD4DE68711D417487077757 /* PBXTargetDependency */ = {
			isa = PBXTargetDependency;
			target = AF684D8C03744D43B71EFBB0 /* ZERO_CHECK */;
			targetProxy = A39425BCF30147CC9B6E7DE6 /* PBXContainerItemProxy */;
		};
/* End PBXTargetDependency section */

/* Begin XCBuildConfiguration section */
		1DDB2BD1C5B34B9DBB275627 /* RelWithDebInfo */ = {
			isa = XCBuildConfiguration;
			buildSettings = {
				ONLY_ACTIVE_ARCH = YES;
				SDKROOT = /Applications/Xcode.app/Contents/Developer/Platforms/MacOSX.platform/Developer/SDKs/MacOSX10.12.sdk;
				SYMROOT = "/Users/andydun2004/Documents/Files/OnlineClasses/SelfDrivingEngr/Localization/CarND-Kidnapped-Vehicle-Project/xcode/build";
			};
			name = RelWithDebInfo;
		};
		2E43FB505B504932A19EA660 /* Release */ = {
			isa = XCBuildConfiguration;
			buildSettings = {
				ONLY_ACTIVE_ARCH = YES;
				SDKROOT = /Applications/Xcode.app/Contents/Developer/Platforms/MacOSX.platform/Developer/SDKs/MacOSX10.12.sdk;
				SYMROOT = "/Users/andydun2004/Documents/Files/OnlineClasses/SelfDrivingEngr/Localization/CarND-Kidnapped-Vehicle-Project/xcode/build";
			};
			name = Release;
		};
		33CE12D41FF4441DB55CEB9B /* RelWithDebInfo */ = {
			isa = XCBuildConfiguration;
			buildSettings = {
				COMBINE_HIDPI_IMAGES = YES;
				GCC_GENERATE_DEBUGGING_SYMBOLS = YES;
				GCC_INLINES_ARE_PRIVATE_EXTERN = NO;
				GCC_OPTIMIZATION_LEVEL = 0;
				GCC_PREPROCESSOR_DEFINITIONS = "'CMAKE_INTDIR=\"$(CONFIGURATION)$(EFFECTIVE_PLATFORM_NAME)\"'";
				GCC_SYMBOLS_PRIVATE_EXTERN = NO;
				HEADER_SEARCH_PATHS = (
					/usr/local/include,
					/usr/local/opt/openssl/include,
				);
				INSTALL_PATH = "";
				OTHER_LDFLAGS = " ";
				OTHER_REZFLAGS = "";
				PRODUCT_NAME = ALL_BUILD;
				SECTORDER_FLAGS = "";
				SYMROOT = "/Users/andydun2004/Documents/Files/OnlineClasses/SelfDrivingEngr/Localization/CarND-Kidnapped-Vehicle-Project/xcode";
				USE_HEADERMAP = NO;
				WARNING_CFLAGS = (
					"-Wmost",
					"-Wno-four-char-constants",
					"-Wno-unknown-pragmas",
					"$(inherited)",
				);
			};
			name = RelWithDebInfo;
		};
		35B0C9AA717C4DD8B968CADE /* Debug */ = {
			isa = XCBuildConfiguration;
			buildSettings = {
				COMBINE_HIDPI_IMAGES = YES;
				GCC_GENERATE_DEBUGGING_SYMBOLS = YES;
				GCC_INLINES_ARE_PRIVATE_EXTERN = NO;
				GCC_OPTIMIZATION_LEVEL = 0;
				GCC_PREPROCESSOR_DEFINITIONS = "'CMAKE_INTDIR=\"$(CONFIGURATION)$(EFFECTIVE_PLATFORM_NAME)\"'";
				GCC_SYMBOLS_PRIVATE_EXTERN = NO;
				HEADER_SEARCH_PATHS = (
					/usr/local/include,
					/usr/local/opt/openssl/include,
				);
				INSTALL_PATH = "";
				OTHER_LDFLAGS = " ";
				OTHER_REZFLAGS = "";
				PRODUCT_NAME = ALL_BUILD;
				SECTORDER_FLAGS = "";
				SYMROOT = "/Users/andydun2004/Documents/Files/OnlineClasses/SelfDrivingEngr/Localization/CarND-Kidnapped-Vehicle-Project/xcode";
				USE_HEADERMAP = NO;
				WARNING_CFLAGS = (
					"-Wmost",
					"-Wno-four-char-constants",
					"-Wno-unknown-pragmas",
					"$(inherited)",
				);
			};
			name = Debug;
		};
		5342C32BE6594E3BABEE1F0C /* MinSizeRel */ = {
			isa = XCBuildConfiguration;
			buildSettings = {
				COMBINE_HIDPI_IMAGES = YES;
				GCC_GENERATE_DEBUGGING_SYMBOLS = YES;
				GCC_INLINES_ARE_PRIVATE_EXTERN = NO;
				GCC_OPTIMIZATION_LEVEL = 0;
				GCC_PREPROCESSOR_DEFINITIONS = "'CMAKE_INTDIR=\"$(CONFIGURATION)$(EFFECTIVE_PLATFORM_NAME)\"'";
				GCC_SYMBOLS_PRIVATE_EXTERN = NO;
				HEADER_SEARCH_PATHS = (
					/usr/local/include,
					/usr/local/opt/openssl/include,
				);
				INSTALL_PATH = "";
				OTHER_LDFLAGS = " ";
				OTHER_REZFLAGS = "";
				PRODUCT_NAME = ALL_BUILD;
				SECTORDER_FLAGS = "";
				SYMROOT = "/Users/andydun2004/Documents/Files/OnlineClasses/SelfDrivingEngr/Localization/CarND-Kidnapped-Vehicle-Project/xcode";
				USE_HEADERMAP = NO;
				WARNING_CFLAGS = (
					"-Wmost",
					"-Wno-four-char-constants",
					"-Wno-unknown-pragmas",
					"$(inherited)",
				);
			};
			name = MinSizeRel;
		};
		5D22005454F641F6BF8561B8 /* MinSizeRel */ = {
			isa = XCBuildConfiguration;
			buildSettings = {
				COMBINE_HIDPI_IMAGES = YES;
				GCC_GENERATE_DEBUGGING_SYMBOLS = YES;
				GCC_INLINES_ARE_PRIVATE_EXTERN = NO;
				GCC_OPTIMIZATION_LEVEL = 0;
				GCC_PREPROCESSOR_DEFINITIONS = "'CMAKE_INTDIR=\"$(CONFIGURATION)$(EFFECTIVE_PLATFORM_NAME)\"'";
				GCC_SYMBOLS_PRIVATE_EXTERN = NO;
				HEADER_SEARCH_PATHS = (
					/usr/local/include,
					/usr/local/opt/openssl/include,
				);
				INSTALL_PATH = "";
				OTHER_LDFLAGS = " ";
				OTHER_REZFLAGS = "";
				PRODUCT_NAME = ZERO_CHECK;
				SECTORDER_FLAGS = "";
				SYMROOT = "/Users/andydun2004/Documents/Files/OnlineClasses/SelfDrivingEngr/Localization/CarND-Kidnapped-Vehicle-Project/xcode";
				USE_HEADERMAP = NO;
				WARNING_CFLAGS = (
					"-Wmost",
					"-Wno-four-char-constants",
					"-Wno-unknown-pragmas",
					"$(inherited)",
				);
			};
			name = MinSizeRel;
		};
		652F54F01F014A87823C7265 /* Release */ = {
			isa = XCBuildConfiguration;
			buildSettings = {
				COMBINE_HIDPI_IMAGES = YES;
				GCC_GENERATE_DEBUGGING_SYMBOLS = YES;
				GCC_INLINES_ARE_PRIVATE_EXTERN = NO;
				GCC_OPTIMIZATION_LEVEL = 0;
				GCC_PREPROCESSOR_DEFINITIONS = "'CMAKE_INTDIR=\"$(CONFIGURATION)$(EFFECTIVE_PLATFORM_NAME)\"'";
				GCC_SYMBOLS_PRIVATE_EXTERN = NO;
				HEADER_SEARCH_PATHS = (
					/usr/local/include,
					/usr/local/opt/openssl/include,
				);
				INSTALL_PATH = "";
				OTHER_LDFLAGS = " ";
				OTHER_REZFLAGS = "";
				PRODUCT_NAME = ALL_BUILD;
				SECTORDER_FLAGS = "";
				SYMROOT = "/Users/andydun2004/Documents/Files/OnlineClasses/SelfDrivingEngr/Localization/CarND-Kidnapped-Vehicle-Project/xcode";
				USE_HEADERMAP = NO;
				WARNING_CFLAGS = (
					"-Wmost",
					"-Wno-four-char-constants",
					"-Wno-unknown-pragmas",
					"$(inherited)",
				);
			};
			name = Release;
		};
		70E3EA71AF86405CBEEB27FF /* Debug */ = {
			isa = XCBuildConfiguration;
			buildSettings = {
				COMBINE_HIDPI_IMAGES = YES;
				EXECUTABLE_PREFIX = "";
				EXECUTABLE_SUFFIX = "";
				GCC_GENERATE_DEBUGGING_SYMBOLS = YES;
				GCC_INLINES_ARE_PRIVATE_EXTERN = NO;
				GCC_OPTIMIZATION_LEVEL = 0;
				GCC_PREPROCESSOR_DEFINITIONS = "'CMAKE_INTDIR=\"$(CONFIGURATION)$(EFFECTIVE_PLATFORM_NAME)\"'";
				GCC_SYMBOLS_PRIVATE_EXTERN = NO;
				HEADER_SEARCH_PATHS = (
					/usr/local/include,
					/usr/local/opt/openssl/include,
				);
				INSTALL_PATH = "";
				LD_RUNPATH_SEARCH_PATHS = "/usr/local/lib /usr/local/opt/openssl/lib /usr/local/Cellar/libuv/1.11.0/lib";
				LIBRARY_SEARCH_PATHS = (
					"/usr/local/lib/$(CONFIGURATION)$(EFFECTIVE_PLATFORM_NAME)",
					/usr/local/lib,
					"/usr/local/opt/openssl/lib/$(CONFIGURATION)$(EFFECTIVE_PLATFORM_NAME)",
					/usr/local/opt/openssl/lib,
					"/usr/local/Cellar/libuv/1.11.0/lib/$(CONFIGURATION)$(EFFECTIVE_PLATFORM_NAME)",
					/usr/local/Cellar/libuv/1.11.0/lib,
				);
				OTHER_CPLUSPLUSFLAGS = "     -std=c++11";
				OTHER_LDFLAGS = (
					"-Wl,-search_paths_first",
					"-Wl,-headerpad_max_install_names",
					"-lz",
					"-lssl",
					"-luv",
					"-luWS",
				);
				OTHER_REZFLAGS = "";
				PRODUCT_NAME = particle_filter;
				SECTORDER_FLAGS = "";
				SYMROOT = "/Users/andydun2004/Documents/Files/OnlineClasses/SelfDrivingEngr/Localization/CarND-Kidnapped-Vehicle-Project/xcode";
				USE_HEADERMAP = NO;
				WARNING_CFLAGS = (
					"-Wmost",
					"-Wno-four-char-constants",
					"-Wno-unknown-pragmas",
					"$(inherited)",
				);
			};
			name = Debug;
		};
		9B2DFE740F464C3BABEC47A3 /* MinSizeRel */ = {
			isa = XCBuildConfiguration;
			buildSettings = {
				ONLY_ACTIVE_ARCH = YES;
				SDKROOT = /Applications/Xcode.app/Contents/Developer/Platforms/MacOSX.platform/Developer/SDKs/MacOSX10.12.sdk;
				SYMROOT = "/Users/andydun2004/Documents/Files/OnlineClasses/SelfDrivingEngr/Localization/CarND-Kidnapped-Vehicle-Project/xcode/build";
			};
			name = MinSizeRel;
		};
		A573B048BBF64D31B1CE1AD2 /* RelWithDebInfo */ = {
			isa = XCBuildConfiguration;
			buildSettings = {
				COMBINE_HIDPI_IMAGES = YES;
				EXECUTABLE_PREFIX = "";
				EXECUTABLE_SUFFIX = "";
				GCC_GENERATE_DEBUGGING_SYMBOLS = YES;
				GCC_INLINES_ARE_PRIVATE_EXTERN = NO;
				GCC_OPTIMIZATION_LEVEL = 2;
				GCC_PREPROCESSOR_DEFINITIONS = "'CMAKE_INTDIR=\"$(CONFIGURATION)$(EFFECTIVE_PLATFORM_NAME)\"'";
				GCC_SYMBOLS_PRIVATE_EXTERN = NO;
				HEADER_SEARCH_PATHS = (
					/usr/local/include,
					/usr/local/opt/openssl/include,
				);
				INSTALL_PATH = "";
				LD_RUNPATH_SEARCH_PATHS = "/usr/local/lib /usr/local/opt/openssl/lib /usr/local/Cellar/libuv/1.11.0/lib";
				LIBRARY_SEARCH_PATHS = (
					"/usr/local/lib/$(CONFIGURATION)$(EFFECTIVE_PLATFORM_NAME)",
					/usr/local/lib,
					"/usr/local/opt/openssl/lib/$(CONFIGURATION)$(EFFECTIVE_PLATFORM_NAME)",
					/usr/local/opt/openssl/lib,
					"/usr/local/Cellar/libuv/1.11.0/lib/$(CONFIGURATION)$(EFFECTIVE_PLATFORM_NAME)",
					/usr/local/Cellar/libuv/1.11.0/lib,
				);
				OTHER_CPLUSPLUSFLAGS = (
					"-DNDEBUG",
					"-std=c++11",
				);
				OTHER_LDFLAGS = (
					"-Wl,-search_paths_first",
					"-Wl,-headerpad_max_install_names",
					"-lz",
					"-lssl",
					"-luv",
					"-luWS",
				);
				OTHER_REZFLAGS = "";
				PRODUCT_NAME = particle_filter;
				SECTORDER_FLAGS = "";
				SYMROOT = "/Users/andydun2004/Documents/Files/OnlineClasses/SelfDrivingEngr/Localization/CarND-Kidnapped-Vehicle-Project/xcode";
				USE_HEADERMAP = NO;
				WARNING_CFLAGS = (
					"-Wmost",
					"-Wno-four-char-constants",
					"-Wno-unknown-pragmas",
					"$(inherited)",
				);
			};
			name = RelWithDebInfo;
		};
		B6FF8BFF487442E2B9913487 /* MinSizeRel */ = {
			isa = XCBuildConfiguration;
			buildSettings = {
				COMBINE_HIDPI_IMAGES = YES;
				EXECUTABLE_PREFIX = "";
				EXECUTABLE_SUFFIX = "";
				GCC_GENERATE_DEBUGGING_SYMBOLS = NO;
				GCC_INLINES_ARE_PRIVATE_EXTERN = NO;
				GCC_OPTIMIZATION_LEVEL = s;
				GCC_PREPROCESSOR_DEFINITIONS = "'CMAKE_INTDIR=\"$(CONFIGURATION)$(EFFECTIVE_PLATFORM_NAME)\"'";
				GCC_SYMBOLS_PRIVATE_EXTERN = NO;
				HEADER_SEARCH_PATHS = (
					/usr/local/include,
					/usr/local/opt/openssl/include,
				);
				INSTALL_PATH = "";
				LD_RUNPATH_SEARCH_PATHS = "/usr/local/lib /usr/local/opt/openssl/lib /usr/local/Cellar/libuv/1.11.0/lib";
				LIBRARY_SEARCH_PATHS = (
					"/usr/local/lib/$(CONFIGURATION)$(EFFECTIVE_PLATFORM_NAME)",
					/usr/local/lib,
					"/usr/local/opt/openssl/lib/$(CONFIGURATION)$(EFFECTIVE_PLATFORM_NAME)",
					/usr/local/opt/openssl/lib,
					"/usr/local/Cellar/libuv/1.11.0/lib/$(CONFIGURATION)$(EFFECTIVE_PLATFORM_NAME)",
					/usr/local/Cellar/libuv/1.11.0/lib,
				);
				OTHER_CPLUSPLUSFLAGS = (
					"-DNDEBUG",
					"-std=c++11",
				);
				OTHER_LDFLAGS = (
					"-Wl,-search_paths_first",
					"-Wl,-headerpad_max_install_names",
					"-lz",
					"-lssl",
					"-luv",
					"-luWS",
				);
				OTHER_REZFLAGS = "";
				PRODUCT_NAME = particle_filter;
				SECTORDER_FLAGS = "";
				SYMROOT = "/Users/andydun2004/Documents/Files/OnlineClasses/SelfDrivingEngr/Localization/CarND-Kidnapped-Vehicle-Project/xcode";
				USE_HEADERMAP = NO;
				WARNING_CFLAGS = (
					"-Wmost",
					"-Wno-four-char-constants",
					"-Wno-unknown-pragmas",
					"$(inherited)",
				);
			};
			name = MinSizeRel;
		};
		DD5897AF3EC849C6A0FB6894 /* Debug */ = {
			isa = XCBuildConfiguration;
			buildSettings = {
				ONLY_ACTIVE_ARCH = YES;
				SDKROOT = /Applications/Xcode.app/Contents/Developer/Platforms/MacOSX.platform/Developer/SDKs/MacOSX10.12.sdk;
				SYMROOT = "/Users/andydun2004/Documents/Files/OnlineClasses/SelfDrivingEngr/Localization/CarND-Kidnapped-Vehicle-Project/xcode/build";
			};
			name = Debug;
		};
		E157C1AB4F8741CAA7E4DE92 /* Release */ = {
			isa = XCBuildConfiguration;
			buildSettings = {
				COMBINE_HIDPI_IMAGES = YES;
				GCC_GENERATE_DEBUGGING_SYMBOLS = YES;
				GCC_INLINES_ARE_PRIVATE_EXTERN = NO;
				GCC_OPTIMIZATION_LEVEL = 0;
				GCC_PREPROCESSOR_DEFINITIONS = "'CMAKE_INTDIR=\"$(CONFIGURATION)$(EFFECTIVE_PLATFORM_NAME)\"'";
				GCC_SYMBOLS_PRIVATE_EXTERN = NO;
				HEADER_SEARCH_PATHS = (
					/usr/local/include,
					/usr/local/opt/openssl/include,
				);
				INSTALL_PATH = "";
				OTHER_LDFLAGS = " ";
				OTHER_REZFLAGS = "";
				PRODUCT_NAME = ZERO_CHECK;
				SECTORDER_FLAGS = "";
				SYMROOT = "/Users/andydun2004/Documents/Files/OnlineClasses/SelfDrivingEngr/Localization/CarND-Kidnapped-Vehicle-Project/xcode";
				USE_HEADERMAP = NO;
				WARNING_CFLAGS = (
					"-Wmost",
					"-Wno-four-char-constants",
					"-Wno-unknown-pragmas",
					"$(inherited)",
				);
			};
			name = Release;
		};
		E7EC38361FF148C7B9BC215A /* Release */ = {
			isa = XCBuildConfiguration;
			buildSettings = {
				COMBINE_HIDPI_IMAGES = YES;
				EXECUTABLE_PREFIX = "";
				EXECUTABLE_SUFFIX = "";
				GCC_GENERATE_DEBUGGING_SYMBOLS = NO;
				GCC_INLINES_ARE_PRIVATE_EXTERN = NO;
				GCC_OPTIMIZATION_LEVEL = 3;
				GCC_PREPROCESSOR_DEFINITIONS = "'CMAKE_INTDIR=\"$(CONFIGURATION)$(EFFECTIVE_PLATFORM_NAME)\"'";
				GCC_SYMBOLS_PRIVATE_EXTERN = NO;
				HEADER_SEARCH_PATHS = (
					/usr/local/include,
					/usr/local/opt/openssl/include,
				);
				INSTALL_PATH = "";
				LD_RUNPATH_SEARCH_PATHS = "/usr/local/lib /usr/local/opt/openssl/lib /usr/local/Cellar/libuv/1.11.0/lib";
				LIBRARY_SEARCH_PATHS = (
					"/usr/local/lib/$(CONFIGURATION)$(EFFECTIVE_PLATFORM_NAME)",
					/usr/local/lib,
					"/usr/local/opt/openssl/lib/$(CONFIGURATION)$(EFFECTIVE_PLATFORM_NAME)",
					/usr/local/opt/openssl/lib,
					"/usr/local/Cellar/libuv/1.11.0/lib/$(CONFIGURATION)$(EFFECTIVE_PLATFORM_NAME)",
					/usr/local/Cellar/libuv/1.11.0/lib,
				);
				OTHER_CPLUSPLUSFLAGS = (
					"-DNDEBUG",
					"-std=c++11",
				);
				OTHER_LDFLAGS = (
					"-Wl,-search_paths_first",
					"-Wl,-headerpad_max_install_names",
					"-lz",
					"-lssl",
					"-luv",
					"-luWS",
				);
				OTHER_REZFLAGS = "";
				PRODUCT_NAME = particle_filter;
				SECTORDER_FLAGS = "";
				SYMROOT = "/Users/andydun2004/Documents/Files/OnlineClasses/SelfDrivingEngr/Localization/CarND-Kidnapped-Vehicle-Project/xcode";
				USE_HEADERMAP = NO;
				WARNING_CFLAGS = (
					"-Wmost",
					"-Wno-four-char-constants",
					"-Wno-unknown-pragmas",
					"$(inherited)",
				);
			};
			name = Release;
		};
		E7F83FB1E2C6499E9E124083 /* RelWithDebInfo */ = {
			isa = XCBuildConfiguration;
			buildSettings = {
				COMBINE_HIDPI_IMAGES = YES;
				GCC_GENERATE_DEBUGGING_SYMBOLS = YES;
				GCC_INLINES_ARE_PRIVATE_EXTERN = NO;
				GCC_OPTIMIZATION_LEVEL = 0;
				GCC_PREPROCESSOR_DEFINITIONS = "'CMAKE_INTDIR=\"$(CONFIGURATION)$(EFFECTIVE_PLATFORM_NAME)\"'";
				GCC_SYMBOLS_PRIVATE_EXTERN = NO;
				HEADER_SEARCH_PATHS = (
					/usr/local/include,
					/usr/local/opt/openssl/include,
				);
				INSTALL_PATH = "";
				OTHER_LDFLAGS = " ";
				OTHER_REZFLAGS = "";
				PRODUCT_NAME = ZERO_CHECK;
				SECTORDER_FLAGS = "";
				SYMROOT = "/Users/andydun2004/Documents/Files/OnlineClasses/SelfDrivingEngr/Localization/CarND-Kidnapped-Vehicle-Project/xcode";
				USE_HEADERMAP = NO;
				WARNING_CFLAGS = (
					"-Wmost",
					"-Wno-four-char-constants",
					"-Wno-unknown-pragmas",
					"$(inherited)",
				);
			};
			name = RelWithDebInfo;
		};
		FEFDAC940EE24B4ABF3E3E19 /* Debug */ = {
			isa = XCBuildConfiguration;
			buildSettings = {
				COMBINE_HIDPI_IMAGES = YES;
				GCC_GENERATE_DEBUGGING_SYMBOLS = YES;
				GCC_INLINES_ARE_PRIVATE_EXTERN = NO;
				GCC_OPTIMIZATION_LEVEL = 0;
				GCC_PREPROCESSOR_DEFINITIONS = "'CMAKE_INTDIR=\"$(CONFIGURATION)$(EFFECTIVE_PLATFORM_NAME)\"'";
				GCC_SYMBOLS_PRIVATE_EXTERN = NO;
				HEADER_SEARCH_PATHS = (
					/usr/local/include,
					/usr/local/opt/openssl/include,
				);
				INSTALL_PATH = "";
				OTHER_LDFLAGS = " ";
				OTHER_REZFLAGS = "";
				PRODUCT_NAME = ZERO_CHECK;
				SECTORDER_FLAGS = "";
				SYMROOT = "/Users/andydun2004/Documents/Files/OnlineClasses/SelfDrivingEngr/Localization/CarND-Kidnapped-Vehicle-Project/xcode";
				USE_HEADERMAP = NO;
				WARNING_CFLAGS = (
					"-Wmost",
					"-Wno-four-char-constants",
					"-Wno-unknown-pragmas",
					"$(inherited)",
				);
			};
			name = Debug;
		};
/* End XCBuildConfiguration section */

/* Begin XCConfigurationList section */
		1F226C8F0BC947E2A5494802 /* Build configuration list for PBXAggregateTarget "ZERO_CHECK" */ = {
			isa = XCConfigurationList;
			buildConfigurations = (
				FEFDAC940EE24B4ABF3E3E19 /* Debug */,
				E157C1AB4F8741CAA7E4DE92 /* Release */,
				5D22005454F641F6BF8561B8 /* MinSizeRel */,
				E7F83FB1E2C6499E9E124083 /* RelWithDebInfo */,
			);
			defaultConfigurationIsVisible = 0;
			defaultConfigurationName = Debug;
		};
		30FFFC5803BC44368FED72EA /* Build configuration list for PBXNativeTarget "particle_filter" */ = {
			isa = XCConfigurationList;
			buildConfigurations = (
				70E3EA71AF86405CBEEB27FF /* Debug */,
				E7EC38361FF148C7B9BC215A /* Release */,
				B6FF8BFF487442E2B9913487 /* MinSizeRel */,
				A573B048BBF64D31B1CE1AD2 /* RelWithDebInfo */,
			);
			defaultConfigurationIsVisible = 0;
			defaultConfigurationName = Debug;
		};
		42A9D8F7CFB94613AF003E91 /* Build configuration list for PBXProject "PARTICLE_FILTER" */ = {
			isa = XCConfigurationList;
			buildConfigurations = (
				DD5897AF3EC849C6A0FB6894 /* Debug */,
				2E43FB505B504932A19EA660 /* Release */,
				9B2DFE740F464C3BABEC47A3 /* MinSizeRel */,
				1DDB2BD1C5B34B9DBB275627 /* RelWithDebInfo */,
			);
			defaultConfigurationIsVisible = 0;
			defaultConfigurationName = Debug;
		};
		AF848E08970D4ABDA6EBC08B /* Build configuration list for PBXAggregateTarget "ALL_BUILD" */ = {
			isa = XCConfigurationList;
			buildConfigurations = (
				35B0C9AA717C4DD8B968CADE /* Debug */,
				652F54F01F014A87823C7265 /* Release */,
				5342C32BE6594E3BABEE1F0C /* MinSizeRel */,
				33CE12D41FF4441DB55CEB9B /* RelWithDebInfo */,
			);
			defaultConfigurationIsVisible = 0;
			defaultConfigurationName = Debug;
		};
/* End XCConfigurationList section */
	};
	rootObject = 74FD2B03ED0549AB992FD508 /* Project object */;
}
